
Microsoft Visual Studio Solution File, Format Version 12.00
Project("{FAE04EC0-301F-11D3-BF4B-00C04F79EFBC}") = "SPT-VN-Translation", "SPT-VN-Translation\SPT-VN-Translation.csproj", "{C9F992E2-DB39-460D-A195-00E354B97350}"
EndProject
Global
	GlobalSection(SolutionConfigurationPlatforms) = preSolution
		Debug|Any CPU = Debug|Any CPU
		Release|Any CPU = Release|Any CPU
	EndGlobalSection
	GlobalSection(ProjectConfigurationPlatforms) = postSolution
		{C9F992E2-DB39-460D-A195-00E354B97350}.Debug|Any CPU.ActiveCfg = Debug|Any CPU
		{C9F992E2-DB39-460D-A195-00E354B97350}.Debug|Any CPU.Build.0 = Debug|Any CPU
		{C9F992E2-DB39-460D-A195-00E354B97350}.Release|Any CPU.ActiveCfg = Release|Any CPU
		{C9F992E2-DB39-460D-A195-00E354B97350}.Release|Any CPU.Build.0 = Release|Any CPU
	EndGlobalSection
EndGlobal
